// !$*UTF8*$!
{
	archiveVersion = 1;
	classes = {
	};
	objectVersion = 48;
	objects = {

/* Begin PBXBuildFile section */
		16FCB4FDC30D9D6E90528555 /* libPods-ReactiveObjcTest.a in Frameworks */ = {isa = PBXBuildFile; fileRef = 0DB8064A703700A79A66EE72 /* libPods-ReactiveObjcTest.a */; };
		6ACAC45F1F7B3B9B00883760 /* AppDelegate.m in Sources */ = {isa = PBXBuildFile; fileRef = 6ACAC45E1F7B3B9B00883760 /* AppDelegate.m */; };
		6ACAC4621F7B3B9B00883760 /* ViewController.m in Sources */ = {isa = PBXBuildFile; fileRef = 6ACAC4611F7B3B9B00883760 /* ViewController.m */; };
		6ACAC4651F7B3B9B00883760 /* Main.storyboard in Resources */ = {isa = PBXBuildFile; fileRef = 6ACAC4631F7B3B9B00883760 /* Main.storyboard */; };
		6ACAC4671F7B3B9B00883760 /* Assets.xcassets in Resources */ = {isa = PBXBuildFile; fileRef = 6ACAC4661F7B3B9B00883760 /* Assets.xcassets */; };
		6ACAC46A1F7B3B9B00883760 /* LaunchScreen.storyboard in Resources */ = {isa = PBXBuildFile; fileRef = 6ACAC4681F7B3B9B00883760 /* LaunchScreen.storyboard */; };
		6ACAC46D1F7B3B9B00883760 /* main.m in Sources */ = {isa = PBXBuildFile; fileRef = 6ACAC46C1F7B3B9B00883760 /* main.m */; };
		6ACAC4771F7B3B9B00883760 /* ReactiveObjcTestTests.m in Sources */ = {isa = PBXBuildFile; fileRef = 6ACAC4761F7B3B9B00883760 /* ReactiveObjcTestTests.m */; };
		6ACAC4821F7B3B9B00883760 /* ReactiveObjcTestUITests.m in Sources */ = {isa = PBXBuildFile; fileRef = 6ACAC4811F7B3B9B00883760 /* ReactiveObjcTestUITests.m */; };
		6ACAC4911F7B3C1500883760 /* Person.m in Sources */ = {isa = PBXBuildFile; fileRef = 6ACAC4901F7B3C1500883760 /* Person.m */; };
		6ACAC4951F7B3D6C00883760 /* Person1.m in Sources */ = {isa = PBXBuildFile; fileRef = 6ACAC4941F7B3D6C00883760 /* Person1.m */; };
		6ACAC49A1F7B4F0500883760 /* Student.m in Sources */ = {isa = PBXBuildFile; fileRef = 6ACAC4991F7B4F0500883760 /* Student.m */; };
/* End PBXBuildFile section */

/* Begin PBXContainerItemProxy section */
		6ACAC4731F7B3B9B00883760 /* PBXContainerItemProxy */ = {
			isa = PBXContainerItemProxy;
			containerPortal = 6ACAC4521F7B3B9B00883760 /* Project object */;
			proxyType = 1;
			remoteGlobalIDString = 6ACAC4591F7B3B9B00883760;
			remoteInfo = ReactiveObjcTest;
		};
		6ACAC47E1F7B3B9B00883760 /* PBXContainerItemProxy */ = {
			isa = PBXContainerItemProxy;
			containerPortal = 6ACAC4521F7B3B9B00883760 /* Project object */;
			proxyType = 1;
			remoteGlobalIDString = 6ACAC4591F7B3B9B00883760;
			remoteInfo = ReactiveObjcTest;
		};
/* End PBXContainerItemProxy section */

/* Begin PBXFileReference section */
		0DB8064A703700A79A66EE72 /* libPods-ReactiveObjcTest.a */ = {isa = PBXFileReference; explicitFileType = archive.ar; includeInIndex = 0; path = "libPods-ReactiveObjcTest.a"; sourceTree = BUILT_PRODUCTS_DIR; };
		24A5356A84BAE8688437FC58 /* Pods-ReactiveObjcTest.debug.xcconfig */ = {isa = PBXFileReference; includeInIndex = 1; lastKnownFileType = text.xcconfig; name = "Pods-ReactiveObjcTest.debug.xcconfig"; path = "Pods/Target Support Files/Pods-ReactiveObjcTest/Pods-ReactiveObjcTest.debug.xcconfig"; sourceTree = "<group>"; };
		6ACAC45A1F7B3B9B00883760 /* ReactiveObjcTest.app */ = {isa = PBXFileReference; explicitFileType = wrapper.application; includeInIndex = 0; path = ReactiveObjcTest.app; sourceTree = BUILT_PRODUCTS_DIR; };
		6ACAC45D1F7B3B9B00883760 /* AppDelegate.h */ = {isa = PBXFileReference; lastKnownFileType = sourcecode.c.h; path = AppDelegate.h; sourceTree = "<group>"; };
		6ACAC45E1F7B3B9B00883760 /* AppDelegate.m */ = {isa = PBXFileReference; lastKnownFileType = sourcecode.c.objc; path = AppDelegate.m; sourceTree = "<group>"; };
		6ACAC4601F7B3B9B00883760 /* ViewController.h */ = {isa = PBXFileReference; lastKnownFileType = sourcecode.c.h; path = ViewController.h; sourceTree = "<group>"; };
		6ACAC4611F7B3B9B00883760 /* ViewController.m */ = {isa = PBXFileReference; lastKnownFileType = sourcecode.c.objc; path = ViewController.m; sourceTree = "<group>"; };
		6ACAC4641F7B3B9B00883760 /* Base */ = {isa = PBXFileReference; lastKnownFileType = file.storyboard; name = Base; path = Base.lproj/Main.storyboard; sourceTree = "<group>"; };
		6ACAC4661F7B3B9B00883760 /* Assets.xcassets */ = {isa = PBXFileReference; lastKnownFileType = folder.assetcatalog; path = Assets.xcassets; sourceTree = "<group>"; };
		6ACAC4691F7B3B9B00883760 /* Base */ = {isa = PBXFileReference; lastKnownFileType = file.storyboard; name = Base; path = Base.lproj/LaunchScreen.storyboard; sourceTree = "<group>"; };
		6ACAC46B1F7B3B9B00883760 /* Info.plist */ = {isa = PBXFileReference; lastKnownFileType = text.plist.xml; path = Info.plist; sourceTree = "<group>"; };
		6ACAC46C1F7B3B9B00883760 /* main.m */ = {isa = PBXFileReference; lastKnownFileType = sourcecode.c.objc; path = main.m; sourceTree = "<group>"; };
		6ACAC4721F7B3B9B00883760 /* ReactiveObjcTestTests.xctest */ = {isa = PBXFileReference; explicitFileType = wrapper.cfbundle; includeInIndex = 0; path = ReactiveObjcTestTests.xctest; sourceTree = BUILT_PRODUCTS_DIR; };
		6ACAC4761F7B3B9B00883760 /* ReactiveObjcTestTests.m */ = {isa = PBXFileReference; lastKnownFileType = sourcecode.c.objc; path = ReactiveObjcTestTests.m; sourceTree = "<group>"; };
		6ACAC4781F7B3B9B00883760 /* Info.plist */ = {isa = PBXFileReference; lastKnownFileType = text.plist.xml; path = Info.plist; sourceTree = "<group>"; };
		6ACAC47D1F7B3B9B00883760 /* ReactiveObjcTestUITests.xctest */ = {isa = PBXFileReference; explicitFileType = wrapper.cfbundle; includeInIndex = 0; path = ReactiveObjcTestUITests.xctest; sourceTree = BUILT_PRODUCTS_DIR; };
		6ACAC4811F7B3B9B00883760 /* ReactiveObjcTestUITests.m */ = {isa = PBXFileReference; lastKnownFileType = sourcecode.c.objc; path = ReactiveObjcTestUITests.m; sourceTree = "<group>"; };
		6ACAC4831F7B3B9B00883760 /* Info.plist */ = {isa = PBXFileReference; lastKnownFileType = text.plist.xml; path = Info.plist; sourceTree = "<group>"; };
		6ACAC48F1F7B3C1500883760 /* Person.h */ = {isa = PBXFileReference; lastKnownFileType = sourcecode.c.h; path = Person.h; sourceTree = "<group>"; };
		6ACAC4901F7B3C1500883760 /* Person.m */ = {isa = PBXFileReference; lastKnownFileType = sourcecode.c.objc; path = Person.m; sourceTree = "<group>"; };
		6ACAC4931F7B3D6C00883760 /* Person1.h */ = {isa = PBXFileReference; lastKnownFileType = sourcecode.c.h; path = Person1.h; sourceTree = "<group>"; };
		6ACAC4941F7B3D6C00883760 /* Person1.m */ = {isa = PBXFileReference; lastKnownFileType = sourcecode.c.objc; path = Person1.m; sourceTree = "<group>"; };
		6ACAC4981F7B4F0500883760 /* Student.h */ = {isa = PBXFileReference; lastKnownFileType = sourcecode.c.h; path = Student.h; sourceTree = "<group>"; };
		6ACAC4991F7B4F0500883760 /* Student.m */ = {isa = PBXFileReference; lastKnownFileType = sourcecode.c.objc; path = Student.m; sourceTree = "<group>"; };
		9226334C836DCB300003B35B /* Pods-ReactiveObjcTest.release.xcconfig */ = {isa = PBXFileReference; includeInIndex = 1; lastKnownFileType = text.xcconfig; name = "Pods-ReactiveObjcTest.release.xcconfig"; path = "Pods/Target Support Files/Pods-ReactiveObjcTest/Pods-ReactiveObjcTest.release.xcconfig"; sourceTree = "<group>"; };
/* End PBXFileReference section */

/* Begin PBXFrameworksBuildPhase section */
		6ACAC4571F7B3B9B00883760 /* Frameworks */ = {
			isa = PBXFrameworksBuildPhase;
			buildActionMask = 2147483647;
			files = (
				16FCB4FDC30D9D6E90528555 /* libPods-ReactiveObjcTest.a in Frameworks */,
			);
			runOnlyForDeploymentPostprocessing = 0;
		};
		6ACAC46F1F7B3B9B00883760 /* Frameworks */ = {
			isa = PBXFrameworksBuildPhase;
			buildActionMask = 2147483647;
			files = (
			);
			runOnlyForDeploymentPostprocessing = 0;
		};
		6ACAC47A1F7B3B9B00883760 /* Frameworks */ = {
			isa = PBXFrameworksBuildPhase;
			buildActionMask = 2147483647;
			files = (
			);
			runOnlyForDeploymentPostprocessing = 0;
		};
/* End PBXFrameworksBuildPhase section */

/* Begin PBXGroup section */
		6ACAC4511F7B3B9B00883760 = {
			isa = PBXGroup;
			children = (
				6ACAC45C1F7B3B9B00883760 /* ReactiveObjcTest */,
				6ACAC4751F7B3B9B00883760 /* ReactiveObjcTestTests */,
				6ACAC4801F7B3B9B00883760 /* ReactiveObjcTestUITests */,
				6ACAC45B1F7B3B9B00883760 /* Products */,
				A0265FBD544ADB47CD4FDA7C /* Pods */,
				A159419ACF27D20911D3F931 /* Frameworks */,
			);
			sourceTree = "<group>";
		};
		6ACAC45B1F7B3B9B00883760 /* Products */ = {
			isa = PBXGroup;
			children = (
				6ACAC45A1F7B3B9B00883760 /* ReactiveObjcTest.app */,
				6ACAC4721F7B3B9B00883760 /* ReactiveObjcTestTests.xctest */,
				6ACAC47D1F7B3B9B00883760 /* ReactiveObjcTestUITests.xctest */,
			);
			name = Products;
			sourceTree = "<group>";
		};
		6ACAC45C1F7B3B9B00883760 /* ReactiveObjcTest */ = {
			isa = PBXGroup;
			children = (
				6ACAC4971F7B4EF300883760 /* Student */,
				6ACAC4921F7B3D5800883760 /* Person */,
				6ACAC45D1F7B3B9B00883760 /* AppDelegate.h */,
				6ACAC45E1F7B3B9B00883760 /* AppDelegate.m */,
				6ACAC4601F7B3B9B00883760 /* ViewController.h */,
				6ACAC4611F7B3B9B00883760 /* ViewController.m */,
				6ACAC4631F7B3B9B00883760 /* Main.storyboard */,
				6ACAC4661F7B3B9B00883760 /* Assets.xcassets */,
				6ACAC4681F7B3B9B00883760 /* LaunchScreen.storyboard */,
				6ACAC46B1F7B3B9B00883760 /* Info.plist */,
				6ACAC46C1F7B3B9B00883760 /* main.m */,
			);
			path = ReactiveObjcTest;
			sourceTree = "<group>";
		};
		6ACAC4751F7B3B9B00883760 /* ReactiveObjcTestTests */ = {
			isa = PBXGroup;
			children = (
				6ACAC4761F7B3B9B00883760 /* ReactiveObjcTestTests.m */,
				6ACAC4781F7B3B9B00883760 /* Info.plist */,
			);
			path = ReactiveObjcTestTests;
			sourceTree = "<group>";
		};
		6ACAC4801F7B3B9B00883760 /* ReactiveObjcTestUITests */ = {
			isa = PBXGroup;
			children = (
				6ACAC4811F7B3B9B00883760 /* ReactiveObjcTestUITests.m */,
				6ACAC4831F7B3B9B00883760 /* Info.plist */,
			);
			path = ReactiveObjcTestUITests;
			sourceTree = "<group>";
		};
		6ACAC4921F7B3D5800883760 /* Person */ = {
			isa = PBXGroup;
			children = (
				6ACAC48F1F7B3C1500883760 /* Person.h */,
				6ACAC4901F7B3C1500883760 /* Person.m */,
				6ACAC4931F7B3D6C00883760 /* Person1.h */,
				6ACAC4941F7B3D6C00883760 /* Person1.m */,
			);
			path = Person;
			sourceTree = "<group>";
		};
		6ACAC4971F7B4EF300883760 /* Student */ = {
			isa = PBXGroup;
			children = (
				6ACAC4981F7B4F0500883760 /* Student.h */,
				6ACAC4991F7B4F0500883760 /* Student.m */,
			);
			path = Student;
			sourceTree = "<group>";
		};
		A0265FBD544ADB47CD4FDA7C /* Pods */ = {
			isa = PBXGroup;
			children = (
				24A5356A84BAE8688437FC58 /* Pods-ReactiveObjcTest.debug.xcconfig */,
				9226334C836DCB300003B35B /* Pods-ReactiveObjcTest.release.xcconfig */,
			);
			name = Pods;
			sourceTree = "<group>";
		};
		A159419ACF27D20911D3F931 /* Frameworks */ = {
			isa = PBXGroup;
			children = (
				0DB8064A703700A79A66EE72 /* libPods-ReactiveObjcTest.a */,
			);
			name = Frameworks;
			sourceTree = "<group>";
		};
/* End PBXGroup section */

/* Begin PBXNativeTarget section */
		6ACAC4591F7B3B9B00883760 /* ReactiveObjcTest */ = {
			isa = PBXNativeTarget;
			buildConfigurationList = 6ACAC4861F7B3B9B00883760 /* Build configuration list for PBXNativeTarget "ReactiveObjcTest" */;
			buildPhases = (
				1CC3EC7A075DA1292270685B /* [CP] Check Pods Manifest.lock */,
				6ACAC4561F7B3B9B00883760 /* Sources */,
				6ACAC4571F7B3B9B00883760 /* Frameworks */,
				6ACAC4581F7B3B9B00883760 /* Resources */,
				1DDEC3AEE34618943597F02B /* [CP] Embed Pods Frameworks */,
				7FFB587FD0E242D4004E4A20 /* [CP] Copy Pods Resources */,
			);
			buildRules = (
			);
			dependencies = (
			);
			name = ReactiveObjcTest;
			productName = ReactiveObjcTest;
			productReference = 6ACAC45A1F7B3B9B00883760 /* ReactiveObjcTest.app */;
			productType = "com.apple.product-type.application";
		};
		6ACAC4711F7B3B9B00883760 /* ReactiveObjcTestTests */ = {
			isa = PBXNativeTarget;
			buildConfigurationList = 6ACAC4891F7B3B9B00883760 /* Build configuration list for PBXNativeTarget "ReactiveObjcTestTests" */;
			buildPhases = (
				6ACAC46E1F7B3B9B00883760 /* Sources */,
				6ACAC46F1F7B3B9B00883760 /* Frameworks */,
				6ACAC4701F7B3B9B00883760 /* Resources */,
			);
			buildRules = (
			);
			dependencies = (
				6ACAC4741F7B3B9B00883760 /* PBXTargetDependency */,
			);
			name = ReactiveObjcTestTests;
			productName = ReactiveObjcTestTests;
			productReference = 6ACAC4721F7B3B9B00883760 /* ReactiveObjcTestTests.xctest */;
			productType = "com.apple.product-type.bundle.unit-test";
		};
		6ACAC47C1F7B3B9B00883760 /* ReactiveObjcTestUITests */ = {
			isa = PBXNativeTarget;
			buildConfigurationList = 6ACAC48C1F7B3B9B00883760 /* Build configuration list for PBXNativeTarget "ReactiveObjcTestUITests" */;
			buildPhases = (
				6ACAC4791F7B3B9B00883760 /* Sources */,
				6ACAC47A1F7B3B9B00883760 /* Frameworks */,
				6ACAC47B1F7B3B9B00883760 /* Resources */,
			);
			buildRules = (
			);
			dependencies = (
				6ACAC47F1F7B3B9B00883760 /* PBXTargetDependency */,
			);
			name = ReactiveObjcTestUITests;
			productName = ReactiveObjcTestUITests;
			productReference = 6ACAC47D1F7B3B9B00883760 /* ReactiveObjcTestUITests.xctest */;
			productType = "com.apple.product-type.bundle.ui-testing";
		};
/* End PBXNativeTarget section */

/* Begin PBXProject section */
		6ACAC4521F7B3B9B00883760 /* Project object */ = {
			isa = PBXProject;
			attributes = {
				LastUpgradeCheck = 0900;
				ORGANIZATIONNAME = yangjingwei;
				TargetAttributes = {
					6ACAC4591F7B3B9B00883760 = {
						CreatedOnToolsVersion = 9.0;
						ProvisioningStyle = Automatic;
					};
					6ACAC4711F7B3B9B00883760 = {
						CreatedOnToolsVersion = 9.0;
						ProvisioningStyle = Automatic;
						TestTargetID = 6ACAC4591F7B3B9B00883760;
					};
					6ACAC47C1F7B3B9B00883760 = {
						CreatedOnToolsVersion = 9.0;
						ProvisioningStyle = Automatic;
						TestTargetID = 6ACAC4591F7B3B9B00883760;
					};
				};
			};
			buildConfigurationList = 6ACAC4551F7B3B9B00883760 /* Build configuration list for PBXProject "ReactiveObjcTest" */;
			compatibilityVersion = "Xcode 8.0";
			developmentRegion = en;
			hasScannedForEncodings = 0;
			knownRegions = (
				en,
				Base,
			);
			mainGroup = 6ACAC4511F7B3B9B00883760;
			productRefGroup = 6ACAC45B1F7B3B9B00883760 /* Products */;
			projectDirPath = "";
			projectRoot = "";
			targets = (
				6ACAC4591F7B3B9B00883760 /* ReactiveObjcTest */,
				6ACAC4711F7B3B9B00883760 /* ReactiveObjcTestTests */,
				6ACAC47C1F7B3B9B00883760 /* ReactiveObjcTestUITests */,
			);
		};
/* End PBXProject section */

/* Begin PBXResourcesBuildPhase section */
		6ACAC4581F7B3B9B00883760 /* Resources */ = {
			isa = PBXResourcesBuildPhase;
			buildActionMask = 2147483647;
			files = (
				6ACAC46A1F7B3B9B00883760 /* LaunchScreen.storyboard in Resources */,
				6ACAC4671F7B3B9B00883760 /* Assets.xcassets in Resources */,
				6ACAC4651F7B3B9B00883760 /* Main.storyboard in Resources */,
			);
			runOnlyForDeploymentPostprocessing = 0;
		};
		6ACAC4701F7B3B9B00883760 /* Resources */ = {
			isa = PBXResourcesBuildPhase;
			buildActionMask = 2147483647;
			files = (
			);
			runOnlyForDeploymentPostprocessing = 0;
		};
		6ACAC47B1F7B3B9B00883760 /* Resources */ = {
			isa = PBXResourcesBuildPhase;
			buildActionMask = 2147483647;
			files = (
			);
			runOnlyForDeploymentPostprocessing = 0;
		};
/* End PBXResourcesBuildPhase section */

/* Begin PBXShellScriptBuildPhase section */
		1CC3EC7A075DA1292270685B /* [CP] Check Pods Manifest.lock */ = {
			isa = PBXShellScriptBuildPhase;
			buildActionMask = 2147483647;
			files = (
			);
			inputPaths = (
			);
			name = "[CP] Check Pods Manifest.lock";
			outputPaths = (
			);
			runOnlyForDeploymentPostprocessing = 0;
			shellPath = /bin/sh;
			shellScript = "diff \"${PODS_PODFILE_DIR_PATH}/Podfile.lock\" \"${PODS_ROOT}/Manifest.lock\" > /dev/null\nif [ $? != 0 ] ; then\n    # print error to STDERR\n    echo \"error: The sandbox is not in sync with the Podfile.lock. Run 'pod install' or update your CocoaPods installation.\" >&2\n    exit 1\nfi\n";
			showEnvVarsInLog = 0;
		};
		1DDEC3AEE34618943597F02B /* [CP] Embed Pods Frameworks */ = {
			isa = PBXShellScriptBuildPhase;
			buildActionMask = 2147483647;
			files = (
			);
			inputPaths = (
			);
			name = "[CP] Embed Pods Frameworks";
			outputPaths = (
			);
			runOnlyForDeploymentPostprocessing = 0;
			shellPath = /bin/sh;
			shellScript = "\"${SRCROOT}/Pods/Target Support Files/Pods-ReactiveObjcTest/Pods-ReactiveObjcTest-frameworks.sh\"\n";
			showEnvVarsInLog = 0;
		};
		7FFB587FD0E242D4004E4A20 /* [CP] Copy Pods Resources */ = {
			isa = PBXShellScriptBuildPhase;
			buildActionMask = 2147483647;
			files = (
			);
			inputPaths = (
			);
			name = "[CP] Copy Pods Resources";
			outputPaths = (
			);
			runOnlyForDeploymentPostprocessing = 0;
			shellPath = /bin/sh;
			shellScript = "\"${SRCROOT}/Pods/Target Support Files/Pods-ReactiveObjcTest/Pods-ReactiveObjcTest-resources.sh\"\n";
			showEnvVarsInLog = 0;
		};
/* End PBXShellScriptBuildPhase section */

/* Begin PBXSourcesBuildPhase section */
		6ACAC4561F7B3B9B00883760 /* Sources */ = {
			isa = PBXSourcesBuildPhase;
			buildActionMask = 2147483647;
			files = (
				6ACAC4621F7B3B9B00883760 /* ViewController.m in Sources */,
				6ACAC46D1F7B3B9B00883760 /* main.m in Sources */,
				6ACAC4911F7B3C1500883760 /* Person.m in Sources */,
				6ACAC4951F7B3D6C00883760 /* Person1.m in Sources */,
				6ACAC45F1F7B3B9B00883760 /* AppDelegate.m in Sources */,
				6ACAC49A1F7B4F0500883760 /* Student.m in Sources */,
			);
			runOnlyForDeploymentPostprocessing = 0;
		};
		6ACAC46E1F7B3B9B00883760 /* Sources */ = {
			isa = PBXSourcesBuildPhase;
			buildActionMask = 2147483647;
			files = (
				6ACAC4771F7B3B9B00883760 /* ReactiveObjcTestTests.m in Sources */,
			);
			runOnlyForDeploymentPostprocessing = 0;
		};
		6ACAC4791F7B3B9B00883760 /* Sources */ = {
			isa = PBXSourcesBuildPhase;
			buildActionMask = 2147483647;
			files = (
				6ACAC4821F7B3B9B00883760 /* ReactiveObjcTestUITests.m in Sources */,
			);
			runOnlyForDeploymentPostprocessing = 0;
		};
/* End PBXSourcesBuildPhase section */

/* Begin PBXTargetDependency section */
		6ACAC4741F7B3B9B00883760 /* PBXTargetDependency */ = {
			isa = PBXTargetDependency;
			target = 6ACAC4591F7B3B9B00883760 /* ReactiveObjcTest */;
			targetProxy = 6ACAC4731F7B3B9B00883760 /* PBXContainerItemProxy */;
		};
		6ACAC47F1F7B3B9B00883760 /* PBXTargetDependency */ = {
			isa = PBXTargetDependency;
			target = 6ACAC4591F7B3B9B00883760 /* ReactiveObjcTest */;
			targetProxy = 6ACAC47E1F7B3B9B00883760 /* PBXContainerItemProxy */;
		};
/* End PBXTargetDependency section */

/* Begin PBXVariantGroup section */
		6ACAC4631F7B3B9B00883760 /* Main.storyboard */ = {
			isa = PBXVariantGroup;
			children = (
				6ACAC4641F7B3B9B00883760 /* Base */,
			);
			name = Main.storyboard;
			sourceTree = "<group>";
		};
		6ACAC4681F7B3B9B00883760 /* LaunchScreen.storyboard */ = {
			isa = PBXVariantGroup;
			children = (
				6ACAC4691F7B3B9B00883760 /* Base */,
			);
			name = LaunchScreen.storyboard;
			sourceTree = "<group>";
		};
/* End PBXVariantGroup section */

/* Begin XCBuildConfiguration section */
		6ACAC4841F7B3B9B00883760 /* Debug */ = {
			isa = XCBuildConfiguration;
			buildSettings = {
				ALWAYS_SEARCH_USER_PATHS = NO;
				CLANG_ANALYZER_NONNULL = YES;
				CLANG_ANALYZER_NUMBER_OBJECT_CONVERSION = YES_AGGRESSIVE;
				CLANG_CXX_LANGUAGE_STANDARD = "gnu++14";
				CLANG_CXX_LIBRARY = "libc++";
				CLANG_ENABLE_MODULES = YES;
				CLANG_ENABLE_OBJC_ARC = YES;
				CLANG_WARN_BLOCK_CAPTURE_AUTORELEASING = YES;
				CLANG_WARN_BOOL_CONVERSION = YES;
				CLANG_WARN_COMMA = YES;
				CLANG_WARN_CONSTANT_CONVERSION = YES;
				CLANG_WARN_DIRECT_OBJC_ISA_USAGE = YES_ERROR;
				CLANG_WARN_DOCUMENTATION_COMMENTS = YES;
				CLANG_WARN_EMPTY_BODY = YES;
				CLANG_WARN_ENUM_CONVERSION = YES;
				CLANG_WARN_INFINITE_RECURSION = YES;
				CLANG_WARN_INT_CONVERSION = YES;
				CLANG_WARN_NON_LITERAL_NULL_CONVERSION = YES;
				CLANG_WARN_OBJC_LITERAL_CONVERSION = YES;
				CLANG_WARN_OBJC_ROOT_CLASS = YES_ERROR;
				CLANG_WARN_RANGE_LOOP_ANALYSIS = YES;
				CLANG_WARN_STRICT_PROTOTYPES = YES;
				CLANG_WARN_SUSPICIOUS_MOVE = YES;
				CLANG_WARN_UNGUARDED_AVAILABILITY = YES_AGGRESSIVE;
				CLANG_WARN_UNREACHABLE_CODE = YES;
				CLANG_WARN__DUPLICATE_METHOD_MATCH = YES;
				CODE_SIGN_IDENTITY = "iPhone Developer";
				COPY_PHASE_STRIP = NO;
				DEBUG_INFORMATION_FORMAT = dwarf;
				ENABLE_STRICT_OBJC_MSGSEND = YES;
				ENABLE_TESTABILITY = YES;
				GCC_C_LANGUAGE_STANDARD = gnu11;
				GCC_DYNAMIC_NO_PIC = NO;
				GCC_NO_COMMON_BLOCKS = YES;
				GCC_OPTIMIZATION_LEVEL = 0;
				GCC_PREPROCESSOR_DEFINITIONS = (
					"DEBUG=1",
					"$(inherited)",
				);
				GCC_WARN_64_TO_32_BIT_CONVERSION = YES;
				GCC_WARN_ABOUT_RETURN_TYPE = YES_ERROR;
				GCC_WARN_UNDECLARED_SELECTOR = YES;
				GCC_WARN_UNINITIALIZED_AUTOS = YES_AGGRESSIVE;
				GCC_WARN_UNUSED_FUNCTION = YES;
				GCC_WARN_UNUSED_VARIABLE = YES;
				IPHONEOS_DEPLOYMENT_TARGET = 11.0;
				MTL_ENABLE_DEBUG_INFO = YES;
				ONLY_ACTIVE_ARCH = YES;
				SDKROOT = iphoneos;
			};
			name = Debug;
		};
		6ACAC4851F7B3B9B00883760 /* Release */ = {
			isa = XCBuildConfiguration;
			buildSettings = {
				ALWAYS_SEARCH_USER_PATHS = NO;
				CLANG_ANALYZER_NONNULL = YES;
				CLANG_ANALYZER_NUMBER_OBJECT_CONVERSION = YES_AGGRESSIVE;
				CLANG_CXX_LANGUAGE_STANDARD = "gnu++14";
				CLANG_CXX_LIBRARY = "libc++";
				CLANG_ENABLE_MODULES = YES;
				CLANG_ENABLE_OBJC_ARC = YES;
				CLANG_WARN_BLOCK_CAPTURE_AUTORELEASING = YES;
				CLANG_WARN_BOOL_CONVERSION = YES;
				CLANG_WARN_COMMA = YES;
				CLANG_WARN_CONSTANT_CONVERSION = YES;
				CLANG_WARN_DIRECT_OBJC_ISA_USAGE = YES_ERROR;
				CLANG_WARN_DOCUMENTATION_COMMENTS = YES;
				CLANG_WARN_EMPTY_BODY = YES;
				CLANG_WARN_ENUM_CONVERSION = YES;
				CLANG_WARN_INFINITE_RECURSION = YES;
				CLANG_WARN_INT_CONVERSION = YES;
				CLANG_WARN_NON_LITERAL_NULL_CONVERSION = YES;
				CLANG_WARN_OBJC_LITERAL_CONVERSION = YES;
				CLANG_WARN_OBJC_ROOT_CLASS = YES_ERROR;
				CLANG_WARN_RANGE_LOOP_ANALYSIS = YES;
				CLANG_WARN_STRICT_PROTOTYPES = YES;
				CLANG_WARN_SUSPICIOUS_MOVE = YES;
				CLANG_WARN_UNGUARDED_AVAILABILITY = YES_AGGRESSIVE;
				CLANG_WARN_UNREACHABLE_CODE = YES;
				CLANG_WARN__DUPLICATE_METHOD_MATCH = YES;
				CODE_SIGN_IDENTITY = "iPhone Developer";
				COPY_PHASE_STRIP = NO;
				DEBUG_INFORMATION_FORMAT = "dwarf-with-dsym";
				ENABLE_NS_ASSERTIONS = NO;
				ENABLE_STRICT_OBJC_MSGSEND = YES;
				GCC_C_LANGUAGE_STANDARD = gnu11;
				GCC_NO_COMMON_BLOCKS = YES;
				GCC_WARN_64_TO_32_BIT_CONVERSION = YES;
				GCC_WARN_ABOUT_RETURN_TYPE = YES_ERROR;
				GCC_WARN_UNDECLARED_SELECTOR = YES;
				GCC_WARN_UNINITIALIZED_AUTOS = YES_AGGRESSIVE;
				GCC_WARN_UNUSED_FUNCTION = YES;
				GCC_WARN_UNUSED_VARIABLE = YES;
				IPHONEOS_DEPLOYMENT_TARGET = 11.0;
				MTL_ENABLE_DEBUG_INFO = NO;
				SDKROOT = iphoneos;
				VALIDATE_PRODUCT = YES;
			};
			name = Release;
		};
		6ACAC4871F7B3B9B00883760 /* Debug */ = {
			isa = XCBuildConfiguration;
			baseConfigurationReference = 24A5356A84BAE8688437FC58 /* Pods-ReactiveObjcTest.debug.xcconfig */;
			buildSettings = {
				ASSETCATALOG_COMPILER_APPICON_NAME = AppIcon;
				CODE_SIGN_STYLE = Automatic;
				INFOPLIST_FILE = ReactiveObjcTest/Info.plist;
				LD_RUNPATH_SEARCH_PATHS = "$(inherited) @executable_path/Frameworks";
				PRODUCT_BUNDLE_IDENTIFIER = SanYing.ReactiveObjcTest;
				PRODUCT_NAME = "$(TARGET_NAME)";
				TARGETED_DEVICE_FAMILY = "1,2";
			};
			name = Debug;
		};
		6ACAC4881F7B3B9B00883760 /* Release */ = {
			isa = XCBuildConfiguration;
			baseConfigurationReference = 9226334C836DCB300003B35B /* Pods-ReactiveObjcTest.release.xcconfig */;
			buildSettings = {
				ASSETCATALOG_COMPILER_APPICON_NAME = AppIcon;
				CODE_SIGN_STYLE = Automatic;
				INFOPLIST_FILE = ReactiveObjcTest/Info.plist;
				LD_RUNPATH_SEARCH_PATHS = "$(inherited) @executable_path/Frameworks";
				PRODUCT_BUNDLE_IDENTIFIER = SanYing.ReactiveObjcTest;
				PRODUCT_NAME = "$(TARGET_NAME)";
				TARGETED_DEVICE_FAMILY = "1,2";
			};
			name = Release;
		};
		6ACAC48A1F7B3B9B00883760 /* Debug */ = {
			isa = XCBuildConfiguration;
			buildSettings = {
				BUNDLE_LOADER = "$(TEST_HOST)";
				CODE_SIGN_STYLE = Automatic;
				INFOPLIST_FILE = ReactiveObjcTestTests/Info.plist;
				LD_RUNPATH_SEARCH_PATHS = "$(inherited) @executable_path/Frameworks @loader_path/Frameworks";
				PRODUCT_BUNDLE_IDENTIFIER = SanYing.ReactiveObjcTestTests;
				PRODUCT_NAME = "$(TARGET_NAME)";
				TARGETED_DEVICE_FAMILY = "1,2";
				TEST_HOST = "$(BUILT_PRODUCTS_DIR)/ReactiveObjcTest.app/ReactiveObjcTest";
			};
			name = Debug;
		};
		6ACAC48B1F7B3B9B00883760 /* Release */ = {
			isa = XCBuildConfiguration;
			buildSettings = {
				BUNDLE_LOADER = "$(TEST_HOST)";
				CODE_SIGN_STYLE = Automatic;
				INFOPLIST_FILE = ReactiveObjcTestTests/Info.plist;
				LD_RUNPATH_SEARCH_PATHS = "$(inherited) @executable_path/Frameworks @loader_path/Frameworks";
				PRODUCT_BUNDLE_IDENTIFIER = SanYing.ReactiveObjcTestTests;
				PRODUCT_NAME = "$(TARGET_NAME)";
				TARGETED_DEVICE_FAMILY = "1,2";
				TEST_HOST = "$(BUILT_PRODUCTS_DIR)/ReactiveObjcTest.app/ReactiveObjcTest";
			};
			name = Release;
		};
		6ACAC48D1F7B3B9B00883760 /* Debug */ = {
			isa = XCBuildConfiguration;
			buildSettings = {
				CODE_SIGN_STYLE = Automatic;
				INFOPLIST_FILE = ReactiveObjcTestUITests/Info.plist;
				LD_RUNPATH_SEARCH_PATHS = "$(inherited) @executable_path/Frameworks @loader_path/Frameworks";
				PRODUCT_BUNDLE_IDENTIFIER = SanYing.ReactiveObjcTestUITests;
				PRODUCT_NAME = "$(TARGET_NAME)";
				TARGETED_DEVICE_FAMILY = "1,2";
				TEST_TARGET_NAME = ReactiveObjcTest;
			};
			name = Debug;
		};
		6ACAC48E1F7B3B9B00883760 /* Release */ = {
			isa = XCBuildConfiguration;
			buildSettings = {
				CODE_SIGN_STYLE = Automatic;
				INFOPLIST_FILE = ReactiveObjcTestUITests/Info.plist;
				LD_RUNPATH_SEARCH_PATHS = "$(inherited) @executable_path/Frameworks @loader_path/Frameworks";
				PRODUCT_BUNDLE_IDENTIFIER = SanYing.ReactiveObjcTestUITests;
				PRODUCT_NAME = "$(TARGET_NAME)";
				TARGETED_DEVICE_FAMILY = "1,2";
				TEST_TARGET_NAME = ReactiveObjcTest;
			};
			name = Release;
		};
/* End XCBuildConfiguration section */

/* Begin XCConfigurationList section */
		6ACAC4551F7B3B9B00883760 /* Build configuration list for PBXProject "ReactiveObjcTest" */ = {
			isa = XCConfigurationList;
			buildConfigurations = (
				6ACAC4841F7B3B9B00883760 /* Debug */,
				6ACAC4851F7B3B9B00883760 /* Release */,
			);
			defaultConfigurationIsVisible = 0;
			defaultConfigurationName = Release;
		};
		6ACAC4861F7B3B9B00883760 /* Build configuration list for PBXNativeTarget "ReactiveObjcTest" */ = {
			isa = XCConfigurationList;
			buildConfigurations = (
				6ACAC4871F7B3B9B00883760 /* Debug */,
				6ACAC4881F7B3B9B00883760 /* Release */,
			);
			defaultConfigurationIsVisible = 0;
			defaultConfigurationName = Release;
		};
		6ACAC4891F7B3B9B00883760 /* Build configuration list for PBXNativeTarget "ReactiveObjcTestTests" */ = {
			isa = XCConfigurationList;
			buildConfigurations = (
				6ACAC48A1F7B3B9B00883760 /* Debug */,
				6ACAC48B1F7B3B9B00883760 /* Release */,
			);
			defaultConfigurationIsVisible = 0;
			defaultConfigurationName = Release;
		};
		6ACAC48C1F7B3B9B00883760 /* Build configuration list for PBXNativeTarget "ReactiveObjcTestUITests" */ = {
			isa = XCConfigurationList;
			buildConfigurations = (
				6ACAC48D1F7B3B9B00883760 /* Debug */,
				6ACAC48E1F7B3B9B00883760 /* Release */,
			);
			defaultConfigurationIsVisible = 0;
			defaultConfigurationName = Release;
		};
/* End XCConfigurationList section */
	};
	rootObject = 6ACAC4521F7B3B9B00883760 /* Project object */;
}
